{
  "nodes": {
    "catppuccin": {
      "locked": {
        "lastModified": 1716934277,
        "narHash": "sha256-BTRLOEcZnj2jLttdOq3AfKSvsFZNVKkrTpdpINDGW4k=",
        "owner": "catppuccin",
        "repo": "nix",
        "rev": "96681f62faa285ad0c8dce2cdae6b0a1d0a8f094",
        "type": "github"
      },
      "original": {
        "owner": "catppuccin",
        "repo": "nix",
        "type": "github"
      }
    },
    "flake-utils": {
      "inputs": {
        "systems": "systems"
      },
      "locked": {
        "lastModified": 1694529238,
        "narHash": "sha256-zsNZZGTGnMOf9YpHKJqMSsa0dXbfmxeoJ7xHlrt+xmY=",
        "owner": "numtide",
        "repo": "flake-utils",
        "rev": "ff7b65b44d01cf9ba6a71320833626af21126384",
        "type": "github"
      },
      "original": {
        "owner": "numtide",
        "repo": "flake-utils",
        "type": "github"
      }
    },
    "home-manager": {
      "inputs": {
        "nixpkgs": [
          "nixpkgs"
        ]
      },
      "locked": {
        "lastModified": 1716930911,
        "narHash": "sha256-t4HT5j3Jy7skRB5PINnxcEBCkgE89rGBpwTI7YS4Ffo=",
        "owner": "nix-community",
        "repo": "home-manager",
        "rev": "a9b36cbe9292a649222b89fdb9ae9907e9c74086",
        "type": "github"
      },
      "original": {
        "owner": "nix-community",
        "repo": "home-manager",
        "type": "github"
      }
    },
    "nixpkgs": {
      "locked": {
        "lastModified": 1716769173,
        "narHash": "sha256-7EXDb5WBw+d004Agt+JHC/Oyh/KTUglOaQ4MNjBbo5w=",
        "owner": "NixOS",
        "repo": "nixpkgs",
        "rev": "9ca3f649614213b2aaf5f1e16ec06952fe4c2632",
        "type": "github"
      },
      "original": {
        "owner": "NixOS",
        "ref": "nixos-unstable",
        "repo": "nixpkgs",
        "type": "github"
      }
    },
    "nixpkgs_2": {
      "locked": {
        "lastModified": 1697009197,
        "narHash": "sha256-viVRhBTFT8fPJTb1N3brQIpFZnttmwo3JVKNuWRVc3s=",
        "owner": "NixOS",
        "repo": "nixpkgs",
        "rev": "01441e14af5e29c9d27ace398e6dd0b293e25a54",
        "type": "github"
      },
      "original": {
        "owner": "NixOS",
        "ref": "nixpkgs-unstable",
        "repo": "nixpkgs",
        "type": "github"
      }
    },
    "nur": {
      "locked": {
        "lastModified": 1717012003,
        "narHash": "sha256-iMyG7xiL0KlF9F3stL98pzaVZecDdQzEdJloCj9o1Vo=",
        "owner": "nix-community",
        "repo": "NUR",
        "rev": "56cfc7b8478afd64fa7de6be8b1498f03ecadbd6",
        "type": "github"
      },
      "original": {
        "owner": "nix-community",
        "repo": "NUR",
        "type": "github"
      }
    },
    "plasma-manager": {
      "inputs": {
        "home-manager": [
          "home-manager"
        ],
        "nixpkgs": [
          "nixpkgs"
        ]
      },
      "locked": {
        "lastModified": 1716902607,
        "narHash": "sha256-jShqpVupP/7ksp6gCBVG9/05zYSX8Q+z6eGe9HLYtUs=",
        "owner": "pjones",
        "repo": "plasma-manager",
        "rev": "4a255e5ea6bf2c7815d893a693c5c801d835ba6b",
        "type": "github"
      },
      "original": {
        "owner": "pjones",
        "repo": "plasma-manager",
        "type": "github"
      }
    },
    "razer-laptop-control": {
      "inputs": {
        "flake-utils": "flake-utils",
        "nixpkgs": "nixpkgs_2"
      },
      "locked": {
        "lastModified": 1715061056,
        "narHash": "sha256-BuR3y4XtHin5CeY3KMAjvRGOf/odlj6QmpIXxaQOVlc=",
        "owner": "voidmeridian",
        "repo": "razer-laptop-control",
        "rev": "48a291590c376056114d92c2b77fcafe3de7ba54",
        "type": "github"
      },
      "original": {
        "owner": "voidmeridian",
        "repo": "razer-laptop-control",
        "type": "github"
      }
    },
    "root": {
      "inputs": {
        "catppuccin": "catppuccin",
        "home-manager": "home-manager",
        "nixpkgs": "nixpkgs",
        "nur": "nur",
        "plasma-manager": "plasma-manager",
        "razer-laptop-control": "razer-laptop-control"
      }
    },
    "systems": {
      "locked": {
        "lastModified": 1681028828,
        "narHash": "sha256-Vy1rq5AaRuLzOxct8nz4T6wlgyUR7zLU309k9mBC768=",
        "owner": "nix-systems",
        "repo": "default",
        "rev": "da67096a3b9bf56a91d16901293e51ba5b49a27e",
        "type": "github"
      },
      "original": {
        "owner": "nix-systems",
        "repo": "default",
        "type": "github"
      }
    }
  },
  "root": "root",
  "version": 7
}
